
Microsoft Visual Studio Solution File, Format Version 12.00
# Visual Studio 15
VisualStudioVersion = 15.0.27130.2010
MinimumVisualStudioVersion = 10.0.40219.1
Project("{FAE04EC0-301F-11D3-BF4B-00C04F79EFBC}") = "GxG.AuthWebTest", "GxG.AuthWebTest\GxG.AuthWebTest.csproj", "{D6580769-4643-47C8-A1A5-84D5F3B8B7C1}"
EndProject
Global
	GlobalSection(SolutionConfigurationPlatforms) = preSolution
		Debug|Any CPU = Debug|Any CPU
		Release|Any CPU = Release|Any CPU
	EndGlobalSection
	GlobalSection(ProjectConfigurationPlatforms) = postSolution
		{D6580769-4643-47C8-A1A5-84D5F3B8B7C1}.Debug|Any CPU.ActiveCfg = Debug|Any CPU
		{D6580769-4643-47C8-A1A5-84D5F3B8B7C1}.Debug|Any CPU.Build.0 = Debug|Any CPU
		{D6580769-4643-47C8-A1A5-84D5F3B8B7C1}.Release|Any CPU.ActiveCfg = Release|Any CPU
		{D6580769-4643-47C8-A1A5-84D5F3B8B7C1}.Release|Any CPU.Build.0 = Release|Any CPU
	EndGlobalSection
	GlobalSection(SolutionProperties) = preSolution
		HideSolutionNode = FALSE
	EndGlobalSection
	GlobalSection(ExtensibilityGlobals) = postSolution
		SolutionGuid = {903DB49F-866B-4242-9016-D7EE4A9B7C6D}
	EndGlobalSection
EndGlobal
